// !$*UTF8*$!
{
	archiveVersion = 1;
	classes = {
	};
	objectVersion = 50;
	objects = {

/* Begin PBXBuildFile section */
		12806A8E7DBAB294C89E8DC9 /* libPods-RFPhotoKitDemoTests.a in Frameworks */ = {isa = PBXBuildFile; fileRef = D024A5EA433517BCD1D12B5F /* libPods-RFPhotoKitDemoTests.a */; };
		213C2DCC21B79C3C00B4129D /* AppDelegate.m in Sources */ = {isa = PBXBuildFile; fileRef = 213C2DCB21B79C3C00B4129D /* AppDelegate.m */; };
		213C2DCF21B79C3C00B4129D /* ViewController.m in Sources */ = {isa = PBXBuildFile; fileRef = 213C2DCE21B79C3C00B4129D /* ViewController.m */; };
		213C2DD221B79C3C00B4129D /* Main.storyboard in Resources */ = {isa = PBXBuildFile; fileRef = 213C2DD021B79C3C00B4129D /* Main.storyboard */; };
		213C2DD521B79C3C00B4129D /* RFPhotoKitDemo.xcdatamodeld in Sources */ = {isa = PBXBuildFile; fileRef = 213C2DD321B79C3C00B4129D /* RFPhotoKitDemo.xcdatamodeld */; };
		213C2DD721B79C3F00B4129D /* Assets.xcassets in Resources */ = {isa = PBXBuildFile; fileRef = 213C2DD621B79C3F00B4129D /* Assets.xcassets */; };
		213C2DDA21B79C3F00B4129D /* LaunchScreen.storyboard in Resources */ = {isa = PBXBuildFile; fileRef = 213C2DD821B79C3F00B4129D /* LaunchScreen.storyboard */; };
		213C2DDD21B79C3F00B4129D /* main.m in Sources */ = {isa = PBXBuildFile; fileRef = 213C2DDC21B79C3F00B4129D /* main.m */; };
		213C2DE721B79C3F00B4129D /* RFPhotoKitDemoTests.m in Sources */ = {isa = PBXBuildFile; fileRef = 213C2DE621B79C3F00B4129D /* RFPhotoKitDemoTests.m */; };
		213C2DF221B79C3F00B4129D /* RFPhotoKitDemoUITests.m in Sources */ = {isa = PBXBuildFile; fileRef = 213C2DF121B79C3F00B4129D /* RFPhotoKitDemoUITests.m */; };
		213C2E0C21B79C7400B4129D /* RFPhotoCell.xib in Resources */ = {isa = PBXBuildFile; fileRef = 213C2E0121B79C7300B4129D /* RFPhotoCell.xib */; };
		213C2E0E21B79C7400B4129D /* selected.png in Resources */ = {isa = PBXBuildFile; fileRef = 213C2E0621B79C7300B4129D /* selected.png */; };
		213C2E0F21B79C7400B4129D /* RFPhotoPickerController.m in Sources */ = {isa = PBXBuildFile; fileRef = 213C2E0721B79C7300B4129D /* RFPhotoPickerController.m */; };
		213C2E1021B79C7400B4129D /* normal.png in Resources */ = {isa = PBXBuildFile; fileRef = 213C2E0921B79C7400B4129D /* normal.png */; };
		213C2E1121B79C7400B4129D /* RFPhotoCell.m in Sources */ = {isa = PBXBuildFile; fileRef = 213C2E0A21B79C7400B4129D /* RFPhotoCell.m */; };
		213C2E1221B79C7400B4129D /* RFPhotoTool.m in Sources */ = {isa = PBXBuildFile; fileRef = 213C2E0B21B79C7400B4129D /* RFPhotoTool.m */; };
		2157BFAE237AB43C00DEB006 /* UIImage+Utility.m in Sources */ = {isa = PBXBuildFile; fileRef = 2157BFAD237AB43C00DEB006 /* UIImage+Utility.m */; };
		2190CD25237CF52800429334 /* RFPhotoManager.m in Sources */ = {isa = PBXBuildFile; fileRef = 2190CD24237CF52800429334 /* RFPhotoManager.m */; };
		8D5E5EB9458F2871D028E0AF /* libPods-RFPhotoKitDemo.a in Frameworks */ = {isa = PBXBuildFile; fileRef = 66E28A7C42F20C2F8027B285 /* libPods-RFPhotoKitDemo.a */; };
		A42C0E9AFEC087C0AAAF53D9 /* libPods-RFPhotoKitDemoUITests.a in Frameworks */ = {isa = PBXBuildFile; fileRef = 1E79D6A09C50183C24CA6D17 /* libPods-RFPhotoKitDemoUITests.a */; };
/* End PBXBuildFile section */

/* Begin PBXContainerItemProxy section */
		213C2DE321B79C3F00B4129D /* PBXContainerItemProxy */ = {
			isa = PBXContainerItemProxy;
			containerPortal = 213C2DBF21B79C3C00B4129D /* Project object */;
			proxyType = 1;
			remoteGlobalIDString = 213C2DC621B79C3C00B4129D;
			remoteInfo = RFPhotoKitDemo;
		};
		213C2DEE21B79C3F00B4129D /* PBXContainerItemProxy */ = {
			isa = PBXContainerItemProxy;
			containerPortal = 213C2DBF21B79C3C00B4129D /* Project object */;
			proxyType = 1;
			remoteGlobalIDString = 213C2DC621B79C3C00B4129D;
			remoteInfo = RFPhotoKitDemo;
		};
/* End PBXContainerItemProxy section */

/* Begin PBXFileReference section */
		1718CADDEEA609ADB454AB60 /* Pods-RFPhotoKitDemoUITests.debug.xcconfig */ = {isa = PBXFileReference; includeInIndex = 1; lastKnownFileType = text.xcconfig; name = "Pods-RFPhotoKitDemoUITests.debug.xcconfig"; path = "Pods/Target Support Files/Pods-RFPhotoKitDemoUITests/Pods-RFPhotoKitDemoUITests.debug.xcconfig"; sourceTree = "<group>"; };
		1E79D6A09C50183C24CA6D17 /* libPods-RFPhotoKitDemoUITests.a */ = {isa = PBXFileReference; explicitFileType = archive.ar; includeInIndex = 0; path = "libPods-RFPhotoKitDemoUITests.a"; sourceTree = BUILT_PRODUCTS_DIR; };
		213C2DC721B79C3C00B4129D /* RFPhotoKitDemo.app */ = {isa = PBXFileReference; explicitFileType = wrapper.application; includeInIndex = 0; path = RFPhotoKitDemo.app; sourceTree = BUILT_PRODUCTS_DIR; };
		213C2DCA21B79C3C00B4129D /* AppDelegate.h */ = {isa = PBXFileReference; lastKnownFileType = sourcecode.c.h; path = AppDelegate.h; sourceTree = "<group>"; };
		213C2DCB21B79C3C00B4129D /* AppDelegate.m */ = {isa = PBXFileReference; lastKnownFileType = sourcecode.c.objc; path = AppDelegate.m; sourceTree = "<group>"; };
		213C2DCD21B79C3C00B4129D /* ViewController.h */ = {isa = PBXFileReference; lastKnownFileType = sourcecode.c.h; path = ViewController.h; sourceTree = "<group>"; };
		213C2DCE21B79C3C00B4129D /* ViewController.m */ = {isa = PBXFileReference; lastKnownFileType = sourcecode.c.objc; path = ViewController.m; sourceTree = "<group>"; };
		213C2DD121B79C3C00B4129D /* Base */ = {isa = PBXFileReference; lastKnownFileType = file.storyboard; name = Base; path = Base.lproj/Main.storyboard; sourceTree = "<group>"; };
		213C2DD421B79C3C00B4129D /* RFPhotoKitDemo.xcdatamodel */ = {isa = PBXFileReference; lastKnownFileType = wrapper.xcdatamodel; path = RFPhotoKitDemo.xcdatamodel; sourceTree = "<group>"; };
		213C2DD621B79C3F00B4129D /* Assets.xcassets */ = {isa = PBXFileReference; lastKnownFileType = folder.assetcatalog; path = Assets.xcassets; sourceTree = "<group>"; };
		213C2DD921B79C3F00B4129D /* Base */ = {isa = PBXFileReference; lastKnownFileType = file.storyboard; name = Base; path = Base.lproj/LaunchScreen.storyboard; sourceTree = "<group>"; };
		213C2DDB21B79C3F00B4129D /* Info.plist */ = {isa = PBXFileReference; lastKnownFileType = text.plist.xml; path = Info.plist; sourceTree = "<group>"; };
		213C2DDC21B79C3F00B4129D /* main.m */ = {isa = PBXFileReference; lastKnownFileType = sourcecode.c.objc; path = main.m; sourceTree = "<group>"; };
		213C2DE221B79C3F00B4129D /* RFPhotoKitDemoTests.xctest */ = {isa = PBXFileReference; explicitFileType = wrapper.cfbundle; includeInIndex = 0; path = RFPhotoKitDemoTests.xctest; sourceTree = BUILT_PRODUCTS_DIR; };
		213C2DE621B79C3F00B4129D /* RFPhotoKitDemoTests.m */ = {isa = PBXFileReference; lastKnownFileType = sourcecode.c.objc; path = RFPhotoKitDemoTests.m; sourceTree = "<group>"; };
		213C2DE821B79C3F00B4129D /* Info.plist */ = {isa = PBXFileReference; lastKnownFileType = text.plist.xml; path = Info.plist; sourceTree = "<group>"; };
		213C2DED21B79C3F00B4129D /* RFPhotoKitDemoUITests.xctest */ = {isa = PBXFileReference; explicitFileType = wrapper.cfbundle; includeInIndex = 0; path = RFPhotoKitDemoUITests.xctest; sourceTree = BUILT_PRODUCTS_DIR; };
		213C2DF121B79C3F00B4129D /* RFPhotoKitDemoUITests.m */ = {isa = PBXFileReference; lastKnownFileType = sourcecode.c.objc; path = RFPhotoKitDemoUITests.m; sourceTree = "<group>"; };
		213C2DF321B79C3F00B4129D /* Info.plist */ = {isa = PBXFileReference; lastKnownFileType = text.plist.xml; path = Info.plist; sourceTree = "<group>"; };
		213C2E0021B79C7300B4129D /* RFPhotoPickerController.h */ = {isa = PBXFileReference; fileEncoding = 4; lastKnownFileType = sourcecode.c.h; path = RFPhotoPickerController.h; sourceTree = "<group>"; };
		213C2E0121B79C7300B4129D /* RFPhotoCell.xib */ = {isa = PBXFileReference; fileEncoding = 4; lastKnownFileType = file.xib; path = RFPhotoCell.xib; sourceTree = "<group>"; };
		213C2E0221B79C7300B4129D /* RFPhotoCell.h */ = {isa = PBXFileReference; fileEncoding = 4; lastKnownFileType = sourcecode.c.h; path = RFPhotoCell.h; sourceTree = "<group>"; };
		213C2E0521B79C7300B4129D /* RFPhotoTool.h */ = {isa = PBXFileReference; fileEncoding = 4; lastKnownFileType = sourcecode.c.h; path = RFPhotoTool.h; sourceTree = "<group>"; };
		213C2E0621B79C7300B4129D /* selected.png */ = {isa = PBXFileReference; lastKnownFileType = image.png; path = selected.png; sourceTree = "<group>"; };
		213C2E0721B79C7300B4129D /* RFPhotoPickerController.m */ = {isa = PBXFileReference; fileEncoding = 4; lastKnownFileType = sourcecode.c.objc; path = RFPhotoPickerController.m; sourceTree = "<group>"; };
		213C2E0921B79C7400B4129D /* normal.png */ = {isa = PBXFileReference; lastKnownFileType = image.png; path = normal.png; sourceTree = "<group>"; };
		213C2E0A21B79C7400B4129D /* RFPhotoCell.m */ = {isa = PBXFileReference; fileEncoding = 4; lastKnownFileType = sourcecode.c.objc; path = RFPhotoCell.m; sourceTree = "<group>"; };
		213C2E0B21B79C7400B4129D /* RFPhotoTool.m */ = {isa = PBXFileReference; fileEncoding = 4; lastKnownFileType = sourcecode.c.objc; path = RFPhotoTool.m; sourceTree = "<group>"; };
		2157BFAC237AB43C00DEB006 /* UIImage+Utility.h */ = {isa = PBXFileReference; fileEncoding = 4; lastKnownFileType = sourcecode.c.h; path = "UIImage+Utility.h"; sourceTree = "<group>"; };
		2157BFAD237AB43C00DEB006 /* UIImage+Utility.m */ = {isa = PBXFileReference; fileEncoding = 4; lastKnownFileType = sourcecode.c.objc; path = "UIImage+Utility.m"; sourceTree = "<group>"; };
		2190CD21237CF36200429334 /* zh-Hans */ = {isa = PBXFileReference; lastKnownFileType = text.plist.strings; name = "zh-Hans"; path = "zh-Hans.lproj/Main.strings"; sourceTree = "<group>"; };
		2190CD22237CF36200429334 /* zh-Hans */ = {isa = PBXFileReference; lastKnownFileType = text.plist.strings; name = "zh-Hans"; path = "zh-Hans.lproj/LaunchScreen.strings"; sourceTree = "<group>"; };
		2190CD23237CF52800429334 /* RFPhotoManager.h */ = {isa = PBXFileReference; lastKnownFileType = sourcecode.c.h; path = RFPhotoManager.h; sourceTree = "<group>"; };
		2190CD24237CF52800429334 /* RFPhotoManager.m */ = {isa = PBXFileReference; lastKnownFileType = sourcecode.c.objc; path = RFPhotoManager.m; sourceTree = "<group>"; };
		66E28A7C42F20C2F8027B285 /* libPods-RFPhotoKitDemo.a */ = {isa = PBXFileReference; explicitFileType = archive.ar; includeInIndex = 0; path = "libPods-RFPhotoKitDemo.a"; sourceTree = BUILT_PRODUCTS_DIR; };
		A8D08BE975965289455CD6FB /* Pods-RFPhotoKitDemoTests.debug.xcconfig */ = {isa = PBXFileReference; includeInIndex = 1; lastKnownFileType = text.xcconfig; name = "Pods-RFPhotoKitDemoTests.debug.xcconfig"; path = "Pods/Target Support Files/Pods-RFPhotoKitDemoTests/Pods-RFPhotoKitDemoTests.debug.xcconfig"; sourceTree = "<group>"; };
		B2EA49EAF7242CB3863532EA /* Pods-RFPhotoKitDemoUITests.release.xcconfig */ = {isa = PBXFileReference; includeInIndex = 1; lastKnownFileType = text.xcconfig; name = "Pods-RFPhotoKitDemoUITests.release.xcconfig"; path = "Pods/Target Support Files/Pods-RFPhotoKitDemoUITests/Pods-RFPhotoKitDemoUITests.release.xcconfig"; sourceTree = "<group>"; };
		BB0333B9829327C246F62615 /* Pods-RFPhotoKitDemo.debug.xcconfig */ = {isa = PBXFileReference; includeInIndex = 1; lastKnownFileType = text.xcconfig; name = "Pods-RFPhotoKitDemo.debug.xcconfig"; path = "Pods/Target Support Files/Pods-RFPhotoKitDemo/Pods-RFPhotoKitDemo.debug.xcconfig"; sourceTree = "<group>"; };
		C5D1B57A7F1EDA3FBBDEFD9D /* Pods-RFPhotoKitDemoTests.release.xcconfig */ = {isa = PBXFileReference; includeInIndex = 1; lastKnownFileType = text.xcconfig; name = "Pods-RFPhotoKitDemoTests.release.xcconfig"; path = "Pods/Target Support Files/Pods-RFPhotoKitDemoTests/Pods-RFPhotoKitDemoTests.release.xcconfig"; sourceTree = "<group>"; };
		D024A5EA433517BCD1D12B5F /* libPods-RFPhotoKitDemoTests.a */ = {isa = PBXFileReference; explicitFileType = archive.ar; includeInIndex = 0; path = "libPods-RFPhotoKitDemoTests.a"; sourceTree = BUILT_PRODUCTS_DIR; };
		EC702ADE95192D96A5361DBF /* Pods-RFPhotoKitDemo.release.xcconfig */ = {isa = PBXFileReference; includeInIndex = 1; lastKnownFileType = text.xcconfig; name = "Pods-RFPhotoKitDemo.release.xcconfig"; path = "Pods/Target Support Files/Pods-RFPhotoKitDemo/Pods-RFPhotoKitDemo.release.xcconfig"; sourceTree = "<group>"; };
/* End PBXFileReference section */

/* Begin PBXFrameworksBuildPhase section */
		213C2DC421B79C3C00B4129D /* Frameworks */ = {
			isa = PBXFrameworksBuildPhase;
			buildActionMask = 2147483647;
			files = (
				8D5E5EB9458F2871D028E0AF /* libPods-RFPhotoKitDemo.a in Frameworks */,
			);
			runOnlyForDeploymentPostprocessing = 0;
		};
		213C2DDF21B79C3F00B4129D /* Frameworks */ = {
			isa = PBXFrameworksBuildPhase;
			buildActionMask = 2147483647;
			files = (
				12806A8E7DBAB294C89E8DC9 /* libPods-RFPhotoKitDemoTests.a in Frameworks */,
			);
			runOnlyForDeploymentPostprocessing = 0;
		};
		213C2DEA21B79C3F00B4129D /* Frameworks */ = {
			isa = PBXFrameworksBuildPhase;
			buildActionMask = 2147483647;
			files = (
				A42C0E9AFEC087C0AAAF53D9 /* libPods-RFPhotoKitDemoUITests.a in Frameworks */,
			);
			runOnlyForDeploymentPostprocessing = 0;
		};
/* End PBXFrameworksBuildPhase section */

/* Begin PBXGroup section */
		213C2DBE21B79C3C00B4129D = {
			isa = PBXGroup;
			children = (
				213C2DC921B79C3C00B4129D /* RFPhotoKitDemo */,
				213C2DE521B79C3F00B4129D /* RFPhotoKitDemoTests */,
				213C2DF021B79C3F00B4129D /* RFPhotoKitDemoUITests */,
				213C2DC821B79C3C00B4129D /* Products */,
				A959AE62860F33BEC5657932 /* Pods */,
				2D596C695FA9422A30073224 /* Frameworks */,
			);
			sourceTree = "<group>";
		};
		213C2DC821B79C3C00B4129D /* Products */ = {
			isa = PBXGroup;
			children = (
				213C2DC721B79C3C00B4129D /* RFPhotoKitDemo.app */,
				213C2DE221B79C3F00B4129D /* RFPhotoKitDemoTests.xctest */,
				213C2DED21B79C3F00B4129D /* RFPhotoKitDemoUITests.xctest */,
			);
			name = Products;
			sourceTree = "<group>";
		};
		213C2DC921B79C3C00B4129D /* RFPhotoKitDemo */ = {
			isa = PBXGroup;
			children = (
				213C2DFF21B79C7300B4129D /* RFPhotoKit */,
				213C2DCA21B79C3C00B4129D /* AppDelegate.h */,
				213C2DCB21B79C3C00B4129D /* AppDelegate.m */,
				213C2DCD21B79C3C00B4129D /* ViewController.h */,
				213C2DCE21B79C3C00B4129D /* ViewController.m */,
				213C2DD021B79C3C00B4129D /* Main.storyboard */,
				213C2DD621B79C3F00B4129D /* Assets.xcassets */,
				213C2DD821B79C3F00B4129D /* LaunchScreen.storyboard */,
				213C2DDB21B79C3F00B4129D /* Info.plist */,
				213C2DDC21B79C3F00B4129D /* main.m */,
				213C2DD321B79C3C00B4129D /* RFPhotoKitDemo.xcdatamodeld */,
			);
			path = RFPhotoKitDemo;
			sourceTree = "<group>";
		};
		213C2DE521B79C3F00B4129D /* RFPhotoKitDemoTests */ = {
			isa = PBXGroup;
			children = (
				213C2DE621B79C3F00B4129D /* RFPhotoKitDemoTests.m */,
				213C2DE821B79C3F00B4129D /* Info.plist */,
			);
			path = RFPhotoKitDemoTests;
			sourceTree = "<group>";
		};
		213C2DF021B79C3F00B4129D /* RFPhotoKitDemoUITests */ = {
			isa = PBXGroup;
			children = (
				213C2DF121B79C3F00B4129D /* RFPhotoKitDemoUITests.m */,
				213C2DF321B79C3F00B4129D /* Info.plist */,
			);
			path = RFPhotoKitDemoUITests;
			sourceTree = "<group>";
		};
		213C2DFF21B79C7300B4129D /* RFPhotoKit */ = {
			isa = PBXGroup;
			children = (
				2190CD23237CF52800429334 /* RFPhotoManager.h */,
				2190CD24237CF52800429334 /* RFPhotoManager.m */,
				213C2E0B21B79C7400B4129D /* RFPhotoTool.m */,
				213C2E0521B79C7300B4129D /* RFPhotoTool.h */,
				213C2E0221B79C7300B4129D /* RFPhotoCell.h */,
				213C2E0A21B79C7400B4129D /* RFPhotoCell.m */,
				213C2E0121B79C7300B4129D /* RFPhotoCell.xib */,
				213C2E0021B79C7300B4129D /* RFPhotoPickerController.h */,
				213C2E0721B79C7300B4129D /* RFPhotoPickerController.m */,
				2157BFAC237AB43C00DEB006 /* UIImage+Utility.h */,
				2157BFAD237AB43C00DEB006 /* UIImage+Utility.m */,
				213C2E0621B79C7300B4129D /* selected.png */,
				213C2E0921B79C7400B4129D /* normal.png */,
			);
			path = RFPhotoKit;
			sourceTree = "<group>";
		};
		2D596C695FA9422A30073224 /* Frameworks */ = {
			isa = PBXGroup;
			children = (
				66E28A7C42F20C2F8027B285 /* libPods-RFPhotoKitDemo.a */,
				D024A5EA433517BCD1D12B5F /* libPods-RFPhotoKitDemoTests.a */,
				1E79D6A09C50183C24CA6D17 /* libPods-RFPhotoKitDemoUITests.a */,
			);
			name = Frameworks;
			sourceTree = "<group>";
		};
		A959AE62860F33BEC5657932 /* Pods */ = {
			isa = PBXGroup;
			children = (
				BB0333B9829327C246F62615 /* Pods-RFPhotoKitDemo.debug.xcconfig */,
				EC702ADE95192D96A5361DBF /* Pods-RFPhotoKitDemo.release.xcconfig */,
				A8D08BE975965289455CD6FB /* Pods-RFPhotoKitDemoTests.debug.xcconfig */,
				C5D1B57A7F1EDA3FBBDEFD9D /* Pods-RFPhotoKitDemoTests.release.xcconfig */,
				1718CADDEEA609ADB454AB60 /* Pods-RFPhotoKitDemoUITests.debug.xcconfig */,
				B2EA49EAF7242CB3863532EA /* Pods-RFPhotoKitDemoUITests.release.xcconfig */,
			);
			name = Pods;
			sourceTree = "<group>";
		};
/* End PBXGroup section */

/* Begin PBXNativeTarget section */
		213C2DC621B79C3C00B4129D /* RFPhotoKitDemo */ = {
			isa = PBXNativeTarget;
			buildConfigurationList = 213C2DF621B79C3F00B4129D /* Build configuration list for PBXNativeTarget "RFPhotoKitDemo" */;
			buildPhases = (
				1DC207933B4F5F3B6A6E4359 /* [CP] Check Pods Manifest.lock */,
				213C2DC321B79C3C00B4129D /* Sources */,
				213C2DC421B79C3C00B4129D /* Frameworks */,
				213C2DC521B79C3C00B4129D /* Resources */,
			);
			buildRules = (
			);
			dependencies = (
			);
			name = RFPhotoKitDemo;
			productName = RFPhotoKitDemo;
			productReference = 213C2DC721B79C3C00B4129D /* RFPhotoKitDemo.app */;
			productType = "com.apple.product-type.application";
		};
		213C2DE121B79C3F00B4129D /* RFPhotoKitDemoTests */ = {
			isa = PBXNativeTarget;
			buildConfigurationList = 213C2DF921B79C3F00B4129D /* Build configuration list for PBXNativeTarget "RFPhotoKitDemoTests" */;
			buildPhases = (
				B2BC67802380CE794417B852 /* [CP] Check Pods Manifest.lock */,
				213C2DDE21B79C3F00B4129D /* Sources */,
				213C2DDF21B79C3F00B4129D /* Frameworks */,
				213C2DE021B79C3F00B4129D /* Resources */,
			);
			buildRules = (
			);
			dependencies = (
				213C2DE421B79C3F00B4129D /* PBXTargetDependency */,
			);
			name = RFPhotoKitDemoTests;
			productName = RFPhotoKitDemoTests;
			productReference = 213C2DE221B79C3F00B4129D /* RFPhotoKitDemoTests.xctest */;
			productType = "com.apple.product-type.bundle.unit-test";
		};
		213C2DEC21B79C3F00B4129D /* RFPhotoKitDemoUITests */ = {
			isa = PBXNativeTarget;
			buildConfigurationList = 213C2DFC21B79C3F00B4129D /* Build configuration list for PBXNativeTarget "RFPhotoKitDemoUITests" */;
			buildPhases = (
				E67C311B5710E6BAC76B5D7B /* [CP] Check Pods Manifest.lock */,
				213C2DE921B79C3F00B4129D /* Sources */,
				213C2DEA21B79C3F00B4129D /* Frameworks */,
				213C2DEB21B79C3F00B4129D /* Resources */,
			);
			buildRules = (
			);
			dependencies = (
				213C2DEF21B79C3F00B4129D /* PBXTargetDependency */,
			);
			name = RFPhotoKitDemoUITests;
			productName = RFPhotoKitDemoUITests;
			productReference = 213C2DED21B79C3F00B4129D /* RFPhotoKitDemoUITests.xctest */;
			productType = "com.apple.product-type.bundle.ui-testing";
		};
/* End PBXNativeTarget section */

/* Begin PBXProject section */
		213C2DBF21B79C3C00B4129D /* Project object */ = {
			isa = PBXProject;
			attributes = {
				LastUpgradeCheck = 1010;
				ORGANIZATIONNAME = riceFun;
				TargetAttributes = {
					213C2DC621B79C3C00B4129D = {
						CreatedOnToolsVersion = 10.1;
					};
					213C2DE121B79C3F00B4129D = {
						CreatedOnToolsVersion = 10.1;
						TestTargetID = 213C2DC621B79C3C00B4129D;
					};
					213C2DEC21B79C3F00B4129D = {
						CreatedOnToolsVersion = 10.1;
						TestTargetID = 213C2DC621B79C3C00B4129D;
					};
				};
			};
			buildConfigurationList = 213C2DC221B79C3C00B4129D /* Build configuration list for PBXProject "RFPhotoKitDemo" */;
			compatibilityVersion = "Xcode 9.3";
			developmentRegion = en;
			hasScannedForEncodings = 0;
			knownRegions = (
				en,
				Base,
				"zh-Hans",
			);
			mainGroup = 213C2DBE21B79C3C00B4129D;
			productRefGroup = 213C2DC821B79C3C00B4129D /* Products */;
			projectDirPath = "";
			projectRoot = "";
			targets = (
				213C2DC621B79C3C00B4129D /* RFPhotoKitDemo */,
				213C2DE121B79C3F00B4129D /* RFPhotoKitDemoTests */,
				213C2DEC21B79C3F00B4129D /* RFPhotoKitDemoUITests */,
			);
		};
/* End PBXProject section */

/* Begin PBXResourcesBuildPhase section */
		213C2DC521B79C3C00B4129D /* Resources */ = {
			isa = PBXResourcesBuildPhase;
			buildActionMask = 2147483647;
			files = (
				213C2E1021B79C7400B4129D /* normal.png in Resources */,
				213C2DDA21B79C3F00B4129D /* LaunchScreen.storyboard in Resources */,
				213C2DD721B79C3F00B4129D /* Assets.xcassets in Resources */,
				213C2E0C21B79C7400B4129D /* RFPhotoCell.xib in Resources */,
				213C2E0E21B79C7400B4129D /* selected.png in Resources */,
				213C2DD221B79C3C00B4129D /* Main.storyboard in Resources */,
			);
			runOnlyForDeploymentPostprocessing = 0;
		};
		213C2DE021B79C3F00B4129D /* Resources */ = {
			isa = PBXResourcesBuildPhase;
			buildActionMask = 2147483647;
			files = (
			);
			runOnlyForDeploymentPostprocessing = 0;
		};
		213C2DEB21B79C3F00B4129D /* Resources */ = {
			isa = PBXResourcesBuildPhase;
			buildActionMask = 2147483647;
			files = (
			);
			runOnlyForDeploymentPostprocessing = 0;
		};
/* End PBXResourcesBuildPhase section */

/* Begin PBXShellScriptBuildPhase section */
		1DC207933B4F5F3B6A6E4359 /* [CP] Check Pods Manifest.lock */ = {
			isa = PBXShellScriptBuildPhase;
			buildActionMask = 2147483647;
			files = (
			);
			inputPaths = (
				"${PODS_PODFILE_DIR_PATH}/Podfile.lock",
				"${PODS_ROOT}/Manifest.lock",
			);
			name = "[CP] Check Pods Manifest.lock";
			outputPaths = (
				"$(DERIVED_FILE_DIR)/Pods-RFPhotoKitDemo-checkManifestLockResult.txt",
			);
			runOnlyForDeploymentPostprocessing = 0;
			shellPath = /bin/sh;
			shellScript = "diff \"${PODS_PODFILE_DIR_PATH}/Podfile.lock\" \"${PODS_ROOT}/Manifest.lock\" > /dev/null\nif [ $? != 0 ] ; then\n    # print error to STDERR\n    echo \"error: The sandbox is not in sync with the Podfile.lock. Run 'pod install' or update your CocoaPods installation.\" >&2\n    exit 1\nfi\n# This output is used by Xcode 'outputs' to avoid re-running this script phase.\necho \"SUCCESS\" > \"${SCRIPT_OUTPUT_FILE_0}\"\n";
			showEnvVarsInLog = 0;
		};
		B2BC67802380CE794417B852 /* [CP] Check Pods Manifest.lock */ = {
			isa = PBXShellScriptBuildPhase;
			buildActionMask = 2147483647;
			files = (
			);
			inputPaths = (
				"${PODS_PODFILE_DIR_PATH}/Podfile.lock",
				"${PODS_ROOT}/Manifest.lock",
			);
			name = "[CP] Check Pods Manifest.lock";
			outputPaths = (
				"$(DERIVED_FILE_DIR)/Pods-RFPhotoKitDemoTests-checkManifestLockResult.txt",
			);
			runOnlyForDeploymentPostprocessing = 0;
			shellPath = /bin/sh;
			shellScript = "diff \"${PODS_PODFILE_DIR_PATH}/Podfile.lock\" \"${PODS_ROOT}/Manifest.lock\" > /dev/null\nif [ $? != 0 ] ; then\n    # print error to STDERR\n    echo \"error: The sandbox is not in sync with the Podfile.lock. Run 'pod install' or update your CocoaPods installation.\" >&2\n    exit 1\nfi\n# This output is used by Xcode 'outputs' to avoid re-running this script phase.\necho \"SUCCESS\" > \"${SCRIPT_OUTPUT_FILE_0}\"\n";
			showEnvVarsInLog = 0;
		};
		E67C311B5710E6BAC76B5D7B /* [CP] Check Pods Manifest.lock */ = {
			isa = PBXShellScriptBuildPhase;
			buildActionMask = 2147483647;
			files = (
			);
			inputPaths = (
				"${PODS_PODFILE_DIR_PATH}/Podfile.lock",
				"${PODS_ROOT}/Manifest.lock",
			);
			name = "[CP] Check Pods Manifest.lock";
			outputPaths = (
				"$(DERIVED_FILE_DIR)/Pods-RFPhotoKitDemoUITests-checkManifestLockResult.txt",
			);
			runOnlyForDeploymentPostprocessing = 0;
			shellPath = /bin/sh;
			shellScript = "diff \"${PODS_PODFILE_DIR_PATH}/Podfile.lock\" \"${PODS_ROOT}/Manifest.lock\" > /dev/null\nif [ $? != 0 ] ; then\n    # print error to STDERR\n    echo \"error: The sandbox is not in sync with the Podfile.lock. Run 'pod install' or update your CocoaPods installation.\" >&2\n    exit 1\nfi\n# This output is used by Xcode 'outputs' to avoid re-running this script phase.\necho \"SUCCESS\" > \"${SCRIPT_OUTPUT_FILE_0}\"\n";
			showEnvVarsInLog = 0;
		};
/* End PBXShellScriptBuildPhase section */

/* Begin PBXSourcesBuildPhase section */
		213C2DC321B79C3C00B4129D /* Sources */ = {
			isa = PBXSourcesBuildPhase;
			buildActionMask = 2147483647;
			files = (
				213C2DCF21B79C3C00B4129D /* ViewController.m in Sources */,
				213C2DD521B79C3C00B4129D /* RFPhotoKitDemo.xcdatamodeld in Sources */,
				213C2E0F21B79C7400B4129D /* RFPhotoPickerController.m in Sources */,
				213C2E1221B79C7400B4129D /* RFPhotoTool.m in Sources */,
				2157BFAE237AB43C00DEB006 /* UIImage+Utility.m in Sources */,
				213C2E1121B79C7400B4129D /* RFPhotoCell.m in Sources */,
				213C2DDD21B79C3F00B4129D /* main.m in Sources */,
				213C2DCC21B79C3C00B4129D /* AppDelegate.m in Sources */,
				2190CD25237CF52800429334 /* RFPhotoManager.m in Sources */,
			);
			runOnlyForDeploymentPostprocessing = 0;
		};
		213C2DDE21B79C3F00B4129D /* Sources */ = {
			isa = PBXSourcesBuildPhase;
			buildActionMask = 2147483647;
			files = (
				213C2DE721B79C3F00B4129D /* RFPhotoKitDemoTests.m in Sources */,
			);
			runOnlyForDeploymentPostprocessing = 0;
		};
		213C2DE921B79C3F00B4129D /* Sources */ = {
			isa = PBXSourcesBuildPhase;
			buildActionMask = 2147483647;
			files = (
				213C2DF221B79C3F00B4129D /* RFPhotoKitDemoUITests.m in Sources */,
			);
			runOnlyForDeploymentPostprocessing = 0;
		};
/* End PBXSourcesBuildPhase section */

/* Begin PBXTargetDependency section */
		213C2DE421B79C3F00B4129D /* PBXTargetDependency */ = {
			isa = PBXTargetDependency;
			target = 213C2DC621B79C3C00B4129D /* RFPhotoKitDemo */;
			targetProxy = 213C2DE321B79C3F00B4129D /* PBXContainerItemProxy */;
		};
		213C2DEF21B79C3F00B4129D /* PBXTargetDependency */ = {
			isa = PBXTargetDependency;
			target = 213C2DC621B79C3C00B4129D /* RFPhotoKitDemo */;
			targetProxy = 213C2DEE21B79C3F00B4129D /* PBXContainerItemProxy */;
		};
/* End PBXTargetDependency section */

/* Begin PBXVariantGroup section */
		213C2DD021B79C3C00B4129D /* Main.storyboard */ = {
			isa = PBXVariantGroup;
			children = (
				213C2DD121B79C3C00B4129D /* Base */,
				2190CD21237CF36200429334 /* zh-Hans */,
			);
			name = Main.storyboard;
			sourceTree = "<group>";
		};
		213C2DD821B79C3F00B4129D /* LaunchScreen.storyboard */ = {
			isa = PBXVariantGroup;
			children = (
				213C2DD921B79C3F00B4129D /* Base */,
				2190CD22237CF36200429334 /* zh-Hans */,
			);
			name = LaunchScreen.storyboard;
			sourceTree = "<group>";
		};
/* End PBXVariantGroup section */

/* Begin XCBuildConfiguration section */
		213C2DF421B79C3F00B4129D /* Debug */ = {
			isa = XCBuildConfiguration;
			buildSettings = {
				ALWAYS_SEARCH_USER_PATHS = NO;
				CLANG_ANALYZER_LOCALIZABILITY_NONLOCALIZED = YES;
				CLANG_ANALYZER_NONNULL = YES;
				CLANG_ANALYZER_NUMBER_OBJECT_CONVERSION = YES_AGGRESSIVE;
				CLANG_CXX_LANGUAGE_STANDARD = "gnu++14";
				CLANG_CXX_LIBRARY = "libc++";
				CLANG_ENABLE_MODULES = YES;
				CLANG_ENABLE_OBJC_ARC = YES;
				CLANG_ENABLE_OBJC_WEAK = YES;
				CLANG_WARN_BLOCK_CAPTURE_AUTORELEASING = YES;
				CLANG_WARN_BOOL_CONVERSION = YES;
				CLANG_WARN_COMMA = YES;
				CLANG_WARN_CONSTANT_CONVERSION = YES;
				CLANG_WARN_DEPRECATED_OBJC_IMPLEMENTATIONS = YES;
				CLANG_WARN_DIRECT_OBJC_ISA_USAGE = YES_ERROR;
				CLANG_WARN_DOCUMENTATION_COMMENTS = YES;
				CLANG_WARN_EMPTY_BODY = YES;
				CLANG_WARN_ENUM_CONVERSION = YES;
				CLANG_WARN_INFINITE_RECURSION = YES;
				CLANG_WARN_INT_CONVERSION = YES;
				CLANG_WARN_NON_LITERAL_NULL_CONVERSION = YES;
				CLANG_WARN_OBJC_IMPLICIT_RETAIN_SELF = YES;
				CLANG_WARN_OBJC_LITERAL_CONVERSION = YES;
				CLANG_WARN_OBJC_ROOT_CLASS = YES_ERROR;
				CLANG_WARN_RANGE_LOOP_ANALYSIS = YES;
				CLANG_WARN_STRICT_PROTOTYPES = YES;
				CLANG_WARN_SUSPICIOUS_MOVE = YES;
				CLANG_WARN_UNGUARDED_AVAILABILITY = YES_AGGRESSIVE;
				CLANG_WARN_UNREACHABLE_CODE = YES;
				CLANG_WARN__DUPLICATE_METHOD_MATCH = YES;
				CODE_SIGN_IDENTITY = "iPhone Developer";
				COPY_PHASE_STRIP = NO;
				DEBUG_INFORMATION_FORMAT = dwarf;
				ENABLE_STRICT_OBJC_MSGSEND = YES;
				ENABLE_TESTABILITY = YES;
				GCC_C_LANGUAGE_STANDARD = gnu11;
				GCC_DYNAMIC_NO_PIC = NO;
				GCC_NO_COMMON_BLOCKS = YES;
				GCC_OPTIMIZATION_LEVEL = 0;
				GCC_PREPROCESSOR_DEFINITIONS = (
					"DEBUG=1",
					"$(inherited)",
				);
				GCC_WARN_64_TO_32_BIT_CONVERSION = YES;
				GCC_WARN_ABOUT_RETURN_TYPE = YES_ERROR;
				GCC_WARN_UNDECLARED_SELECTOR = YES;
				GCC_WARN_UNINITIALIZED_AUTOS = YES_AGGRESSIVE;
				GCC_WARN_UNUSED_FUNCTION = YES;
				GCC_WARN_UNUSED_VARIABLE = YES;
				IPHONEOS_DEPLOYMENT_TARGET = 12.1;
				MTL_ENABLE_DEBUG_INFO = INCLUDE_SOURCE;
				MTL_FAST_MATH = YES;
				ONLY_ACTIVE_ARCH = YES;
				SDKROOT = iphoneos;
			};
			name = Debug;
		};
		213C2DF521B79C3F00B4129D /* Release */ = {
			isa = XCBuildConfiguration;
			buildSettings = {
				ALWAYS_SEARCH_USER_PATHS = NO;
				CLANG_ANALYZER_LOCALIZABILITY_NONLOCALIZED = YES;
				CLANG_ANALYZER_NONNULL = YES;
				CLANG_ANALYZER_NUMBER_OBJECT_CONVERSION = YES_AGGRESSIVE;
				CLANG_CXX_LANGUAGE_STANDARD = "gnu++14";
				CLANG_CXX_LIBRARY = "libc++";
				CLANG_ENABLE_MODULES = YES;
				CLANG_ENABLE_OBJC_ARC = YES;
				CLANG_ENABLE_OBJC_WEAK = YES;
				CLANG_WARN_BLOCK_CAPTURE_AUTORELEASING = YES;
				CLANG_WARN_BOOL_CONVERSION = YES;
				CLANG_WARN_COMMA = YES;
				CLANG_WARN_CONSTANT_CONVERSION = YES;
				CLANG_WARN_DEPRECATED_OBJC_IMPLEMENTATIONS = YES;
				CLANG_WARN_DIRECT_OBJC_ISA_USAGE = YES_ERROR;
				CLANG_WARN_DOCUMENTATION_COMMENTS = YES;
				CLANG_WARN_EMPTY_BODY = YES;
				CLANG_WARN_ENUM_CONVERSION = YES;
				CLANG_WARN_INFINITE_RECURSION = YES;
				CLANG_WARN_INT_CONVERSION = YES;
				CLANG_WARN_NON_LITERAL_NULL_CONVERSION = YES;
				CLANG_WARN_OBJC_IMPLICIT_RETAIN_SELF = YES;
				CLANG_WARN_OBJC_LITERAL_CONVERSION = YES;
				CLANG_WARN_OBJC_ROOT_CLASS = YES_ERROR;
				CLANG_WARN_RANGE_LOOP_ANALYSIS = YES;
				CLANG_WARN_STRICT_PROTOTYPES = YES;
				CLANG_WARN_SUSPICIOUS_MOVE = YES;
				CLANG_WARN_UNGUARDED_AVAILABILITY = YES_AGGRESSIVE;
				CLANG_WARN_UNREACHABLE_CODE = YES;
				CLANG_WARN__DUPLICATE_METHOD_MATCH = YES;
				CODE_SIGN_IDENTITY = "iPhone Developer";
				COPY_PHASE_STRIP = NO;
				DEBUG_INFORMATION_FORMAT = "dwarf-with-dsym";
				ENABLE_NS_ASSERTIONS = NO;
				ENABLE_STRICT_OBJC_MSGSEND = YES;
				GCC_C_LANGUAGE_STANDARD = gnu11;
				GCC_NO_COMMON_BLOCKS = YES;
				GCC_WARN_64_TO_32_BIT_CONVERSION = YES;
				GCC_WARN_ABOUT_RETURN_TYPE = YES_ERROR;
				GCC_WARN_UNDECLARED_SELECTOR = YES;
				GCC_WARN_UNINITIALIZED_AUTOS = YES_AGGRESSIVE;
				GCC_WARN_UNUSED_FUNCTION = YES;
				GCC_WARN_UNUSED_VARIABLE = YES;
				IPHONEOS_DEPLOYMENT_TARGET = 12.1;
				MTL_ENABLE_DEBUG_INFO = NO;
				MTL_FAST_MATH = YES;
				SDKROOT = iphoneos;
				VALIDATE_PRODUCT = YES;
			};
			name = Release;
		};
		213C2DF721B79C3F00B4129D /* Debug */ = {
			isa = XCBuildConfiguration;
			baseConfigurationReference = BB0333B9829327C246F62615 /* Pods-RFPhotoKitDemo.debug.xcconfig */;
			buildSettings = {
				ASSETCATALOG_COMPILER_APPICON_NAME = AppIcon;
				CODE_SIGN_STYLE = Automatic;
				DEVELOPMENT_TEAM = TM6D7482ZM;
				INFOPLIST_FILE = RFPhotoKitDemo/Info.plist;
				IPHONEOS_DEPLOYMENT_TARGET = 9.0;
				LD_RUNPATH_SEARCH_PATHS = (
					"$(inherited)",
					"@executable_path/Frameworks",
				);
				PRODUCT_BUNDLE_IDENTIFIER = riceFun.RFPhotoKitDemo;
				PRODUCT_NAME = "$(TARGET_NAME)";
				TARGETED_DEVICE_FAMILY = "1,2";
			};
			name = Debug;
		};
		213C2DF821B79C3F00B4129D /* Release */ = {
			isa = XCBuildConfiguration;
			baseConfigurationReference = EC702ADE95192D96A5361DBF /* Pods-RFPhotoKitDemo.release.xcconfig */;
			buildSettings = {
				ASSETCATALOG_COMPILER_APPICON_NAME = AppIcon;
				CODE_SIGN_STYLE = Automatic;
				DEVELOPMENT_TEAM = TM6D7482ZM;
				INFOPLIST_FILE = RFPhotoKitDemo/Info.plist;
				IPHONEOS_DEPLOYMENT_TARGET = 9.0;
				LD_RUNPATH_SEARCH_PATHS = (
					"$(inherited)",
					"@executable_path/Frameworks",
				);
				PRODUCT_BUNDLE_IDENTIFIER = riceFun.RFPhotoKitDemo;
				PRODUCT_NAME = "$(TARGET_NAME)";
				TARGETED_DEVICE_FAMILY = "1,2";
			};
			name = Release;
		};
		213C2DFA21B79C3F00B4129D /* Debug */ = {
			isa = XCBuildConfiguration;
			baseConfigurationReference = A8D08BE975965289455CD6FB /* Pods-RFPhotoKitDemoTests.debug.xcconfig */;
			buildSettings = {
				BUNDLE_LOADER = "$(TEST_HOST)";
				CODE_SIGN_STYLE = Automatic;
				DEVELOPMENT_TEAM = TM6D7482ZM;
				INFOPLIST_FILE = RFPhotoKitDemoTests/Info.plist;
				LD_RUNPATH_SEARCH_PATHS = (
					"$(inherited)",
					"@executable_path/Frameworks",
					"@loader_path/Frameworks",
				);
				PRODUCT_BUNDLE_IDENTIFIER = riceFun.RFPhotoKitDemoTests;
				PRODUCT_NAME = "$(TARGET_NAME)";
				TARGETED_DEVICE_FAMILY = "1,2";
				TEST_HOST = "$(BUILT_PRODUCTS_DIR)/RFPhotoKitDemo.app/RFPhotoKitDemo";
			};
			name = Debug;
		};
		213C2DFB21B79C3F00B4129D /* Release */ = {
			isa = XCBuildConfiguration;
			baseConfigurationReference = C5D1B57A7F1EDA3FBBDEFD9D /* Pods-RFPhotoKitDemoTests.release.xcconfig */;
			buildSettings = {
				BUNDLE_LOADER = "$(TEST_HOST)";
				CODE_SIGN_STYLE = Automatic;
				DEVELOPMENT_TEAM = TM6D7482ZM;
				INFOPLIST_FILE = RFPhotoKitDemoTests/Info.plist;
				LD_RUNPATH_SEARCH_PATHS = (
					"$(inherited)",
					"@executable_path/Frameworks",
					"@loader_path/Frameworks",
				);
				PRODUCT_BUNDLE_IDENTIFIER = riceFun.RFPhotoKitDemoTests;
				PRODUCT_NAME = "$(TARGET_NAME)";
				TARGETED_DEVICE_FAMILY = "1,2";
				TEST_HOST = "$(BUILT_PRODUCTS_DIR)/RFPhotoKitDemo.app/RFPhotoKitDemo";
			};
			name = Release;
		};
		213C2DFD21B79C3F00B4129D /* Debug */ = {
			isa = XCBuildConfiguration;
			baseConfigurationReference = 1718CADDEEA609ADB454AB60 /* Pods-RFPhotoKitDemoUITests.debug.xcconfig */;
			buildSettings = {
				CODE_SIGN_STYLE = Automatic;
				DEVELOPMENT_TEAM = TM6D7482ZM;
				INFOPLIST_FILE = RFPhotoKitDemoUITests/Info.plist;
				LD_RUNPATH_SEARCH_PATHS = (
					"$(inherited)",
					"@executable_path/Frameworks",
					"@loader_path/Frameworks",
				);
				PRODUCT_BUNDLE_IDENTIFIER = riceFun.RFPhotoKitDemoUITests;
				PRODUCT_NAME = "$(TARGET_NAME)";
				TARGETED_DEVICE_FAMILY = "1,2";
				TEST_TARGET_NAME = RFPhotoKitDemo;
			};
			name = Debug;
		};
		213C2DFE21B79C3F00B4129D /* Release */ = {
			isa = XCBuildConfiguration;
			baseConfigurationReference = B2EA49EAF7242CB3863532EA /* Pods-RFPhotoKitDemoUITests.release.xcconfig */;
			buildSettings = {
				CODE_SIGN_STYLE = Automatic;
				DEVELOPMENT_TEAM = TM6D7482ZM;
				INFOPLIST_FILE = RFPhotoKitDemoUITests/Info.plist;
				LD_RUNPATH_SEARCH_PATHS = (
					"$(inherited)",
					"@executable_path/Frameworks",
					"@loader_path/Frameworks",
				);
				PRODUCT_BUNDLE_IDENTIFIER = riceFun.RFPhotoKitDemoUITests;
				PRODUCT_NAME = "$(TARGET_NAME)";
				TARGETED_DEVICE_FAMILY = "1,2";
				TEST_TARGET_NAME = RFPhotoKitDemo;
			};
			name = Release;
		};
/* End XCBuildConfiguration section */

/* Begin XCConfigurationList section */
		213C2DC221B79C3C00B4129D /* Build configuration list for PBXProject "RFPhotoKitDemo" */ = {
			isa = XCConfigurationList;
			buildConfigurations = (
				213C2DF421B79C3F00B4129D /* Debug */,
				213C2DF521B79C3F00B4129D /* Release */,
			);
			defaultConfigurationIsVisible = 0;
			defaultConfigurationName = Release;
		};
		213C2DF621B79C3F00B4129D /* Build configuration list for PBXNativeTarget "RFPhotoKitDemo" */ = {
			isa = XCConfigurationList;
			buildConfigurations = (
				213C2DF721B79C3F00B4129D /* Debug */,
				213C2DF821B79C3F00B4129D /* Release */,
			);
			defaultConfigurationIsVisible = 0;
			defaultConfigurationName = Release;
		};
		213C2DF921B79C3F00B4129D /* Build configuration list for PBXNativeTarget "RFPhotoKitDemoTests" */ = {
			isa = XCConfigurationList;
			buildConfigurations = (
				213C2DFA21B79C3F00B4129D /* Debug */,
				213C2DFB21B79C3F00B4129D /* Release */,
			);
			defaultConfigurationIsVisible = 0;
			defaultConfigurationName = Release;
		};
		213C2DFC21B79C3F00B4129D /* Build configuration list for PBXNativeTarget "RFPhotoKitDemoUITests" */ = {
			isa = XCConfigurationList;
			buildConfigurations = (
				213C2DFD21B79C3F00B4129D /* Debug */,
				213C2DFE21B79C3F00B4129D /* Release */,
			);
			defaultConfigurationIsVisible = 0;
			defaultConfigurationName = Release;
		};
/* End XCConfigurationList section */

/* Begin XCVersionGroup section */
		213C2DD321B79C3C00B4129D /* RFPhotoKitDemo.xcdatamodeld */ = {
			isa = XCVersionGroup;
			children = (
				213C2DD421B79C3C00B4129D /* RFPhotoKitDemo.xcdatamodel */,
			);
			currentVersion = 213C2DD421B79C3C00B4129D /* RFPhotoKitDemo.xcdatamodel */;
			path = RFPhotoKitDemo.xcdatamodeld;
			sourceTree = "<group>";
			versionGroupType = wrapper.xcdatamodel;
		};
/* End XCVersionGroup section */
	};
	rootObject = 213C2DBF21B79C3C00B4129D /* Project object */;
}
